
Microsoft Visual Studio Solution File, Format Version 12.00
# Visual Studio 16
Project("{FAE04EC0-301F-11D3-BF4B-00C04F79EFBC}") = "Assembly-CSharp", "Assembly-CSharp.csproj", "{1201E48D-83F1-2ADD-B2B1-8801F1E56398}"
EndProject
Project("{FAE04EC0-301F-11D3-BF4B-00C04F79EFBC}") = "Assembly-CSharp-Editor", "Assembly-CSharp-Editor.csproj", "{7976206A-5E92-6309-4274-563A0C28404C}"
EndProject
Global
	GlobalSection(SolutionConfigurationPlatforms) = preSolution
		Debug|Any CPU = Debug|Any CPU
		Release|Any CPU = Release|Any CPU
	EndGlobalSection
	GlobalSection(ProjectConfigurationPlatforms) = postSolution
		{1201E48D-83F1-2ADD-B2B1-8801F1E56398}.Debug|Any CPU.ActiveCfg = Debug|Any CPU
		{1201E48D-83F1-2ADD-B2B1-8801F1E56398}.Debug|Any CPU.Build.0 = Debug|Any CPU
		{1201E48D-83F1-2ADD-B2B1-8801F1E56398}.Release|Any CPU.ActiveCfg = Release|Any CPU
		{1201E48D-83F1-2ADD-B2B1-8801F1E56398}.Release|Any CPU.Build.0 = Release|Any CPU
		{7976206A-5E92-6309-4274-563A0C28404C}.Debug|Any CPU.ActiveCfg = Debug|Any CPU
		{7976206A-5E92-6309-4274-563A0C28404C}.Debug|Any CPU.Build.0 = Debug|Any CPU
		{7976206A-5E92-6309-4274-563A0C28404C}.Release|Any CPU.ActiveCfg = Release|Any CPU
		{7976206A-5E92-6309-4274-563A0C28404C}.Release|Any CPU.Build.0 = Release|Any CPU
	EndGlobalSection
	GlobalSection(SolutionProperties) = preSolution
		HideSolutionNode = FALSE
	EndGlobalSection
EndGlobal
